
Microsoft Visual Studio Solution File, Format Version 12.00
# Visual Studio Version 16
VisualStudioVersion = 16.0.32602.291
MinimumVisualStudioVersion = 10.0.40219.1
Project("{FAE04EC0-301F-11D3-BF4B-00C04F79EFBC}") = "tourism office app", "tourism office app\tourism office app.csproj", "{A3A83D25-49BB-4E23-93F3-FD6F7BB18FB7}"
EndProject
Global
	GlobalSection(SolutionConfigurationPlatforms) = preSolution
		Debug|Any CPU = Debug|Any CPU
		Release|Any CPU = Release|Any CPU
	EndGlobalSection
	GlobalSection(ProjectConfigurationPlatforms) = postSolution
		{A3A83D25-49BB-4E23-93F3-FD6F7BB18FB7}.Debug|Any CPU.ActiveCfg = Debug|Any CPU
		{A3A83D25-49BB-4E23-93F3-FD6F7BB18FB7}.Debug|Any CPU.Build.0 = Debug|Any CPU
		{A3A83D25-49BB-4E23-93F3-FD6F7BB18FB7}.Release|Any CPU.ActiveCfg = Release|Any CPU
		{A3A83D25-49BB-4E23-93F3-FD6F7BB18FB7}.Release|Any CPU.Build.0 = Release|Any CPU
	EndGlobalSection
	GlobalSection(SolutionProperties) = preSolution
		HideSolutionNode = FALSE
	EndGlobalSection
	GlobalSection(ExtensibilityGlobals) = postSolution
		SolutionGuid = {E5145FFD-F816-4928-BAA7-9FF1E712C489}
	EndGlobalSection
EndGlobal
